
Microsoft Visual Studio Solution File, Format Version 12.00
# Visual Studio Version 17
VisualStudioVersion = 17.1.32328.378
MinimumVisualStudioVersion = 10.0.40219.1
Project("{FAE04EC0-301F-11D3-BF4B-00C04F79EFBC}") = "Grider", "Grider\Grider.csproj", "{5862D54F-0F3E-4775-866C-09A683DE4F5B}"
EndProject
Global
	GlobalSection(SolutionConfigurationPlatforms) = preSolution
		Debug|Any CPU = Debug|Any CPU
		Release|Any CPU = Release|Any CPU
	EndGlobalSection
	GlobalSection(ProjectConfigurationPlatforms) = postSolution
		{5862D54F-0F3E-4775-866C-09A683DE4F5B}.Debug|Any CPU.ActiveCfg = Debug|Any CPU
		{5862D54F-0F3E-4775-866C-09A683DE4F5B}.Debug|Any CPU.Build.0 = Debug|Any CPU
		{5862D54F-0F3E-4775-866C-09A683DE4F5B}.Release|Any CPU.ActiveCfg = Release|Any CPU
		{5862D54F-0F3E-4775-866C-09A683DE4F5B}.Release|Any CPU.Build.0 = Release|Any CPU
	EndGlobalSection
	GlobalSection(SolutionProperties) = preSolution
		HideSolutionNode = FALSE
	EndGlobalSection
	GlobalSection(ExtensibilityGlobals) = postSolution
		SolutionGuid = {7CA42C57-CDC6-4B9F-88E1-FBB6169E4D9A}
	EndGlobalSection
EndGlobal
